
Microsoft Visual Studio Solution File, Format Version 12.00
# Visual Studio Version 16
VisualStudioVersion = 16.0.28803.202
MinimumVisualStudioVersion = 10.0.40219.1
Project("{9A19103F-16F7-4668-BE54-9A1E7A4F7556}") = "AddressBook.Interfaces", "AddressBook.Interfaces\AddressBook.Interfaces.csproj", "{AB776812-9FE2-4B39-B09C-73C59F2D264B}"
EndProject
Project("{9A19103F-16F7-4668-BE54-9A1E7A4F7556}") = "AddressBook.Modules.Applications", "AddressBook.Modules.Applications\AddressBook.Modules.Applications.csproj", "{7A3A32C3-2B24-4B7D-A8D5-95A31C52840D}"
EndProject
Project("{9A19103F-16F7-4668-BE54-9A1E7A4F7556}") = "AddressBook.Modules.Domain", "AddressBook.Modules.Domain\AddressBook.Modules.Domain.csproj", "{F99B0655-C12B-49EE-88AF-56D70CB97354}"
EndProject
Project("{FAE04EC0-301F-11D3-BF4B-00C04F79EFBC}") = "AddressBook.Modules.Presentation", "AddressBook.Modules.Presentation\AddressBook.Modules.Presentation.csproj", "{99901356-AD33-4E23-8F0E-2A9DFCCF4885}"
EndProject
Project("{FAE04EC0-301F-11D3-BF4B-00C04F79EFBC}") = "Assembler", "Assembler\Assembler.csproj", "{66F216DA-838E-463B-B5A5-8631177F0079}"
EndProject
Project("{9A19103F-16F7-4668-BE54-9A1E7A4F7556}") = "Common.Applications", "Common.Applications\Common.Applications.csproj", "{546D1EC9-9D77-4310-AD9D-6389BDD5391C}"
EndProject
Project("{9A19103F-16F7-4668-BE54-9A1E7A4F7556}") = "EmailClient.Modules.Applications", "EmailClient.Modules.Applications\EmailClient.Modules.Applications.csproj", "{0423C269-9285-4520-9ACA-4E21201A0783}"
EndProject
Project("{9A19103F-16F7-4668-BE54-9A1E7A4F7556}") = "EmailClient.Modules.Domain", "EmailClient.Modules.Domain\EmailClient.Modules.Domain.csproj", "{C6797429-851A-4F2C-9FA2-E8C422E7CE4B}"
EndProject
Project("{FAE04EC0-301F-11D3-BF4B-00C04F79EFBC}") = "EmailClient.Modules.Presentation", "EmailClient.Modules.Presentation\EmailClient.Modules.Presentation.csproj", "{7DB633C2-1EA6-420F-9BA9-320D42289119}"
EndProject
Project("{9A19103F-16F7-4668-BE54-9A1E7A4F7556}") = "Infrastructure.Interfaces", "Infrastructure.Interfaces\Infrastructure.Interfaces.csproj", "{79A07FF3-04C9-4178-A2FC-F7DFFA93BC11}"
EndProject
Project("{9A19103F-16F7-4668-BE54-9A1E7A4F7556}") = "Infrastructure.Modules.Applications", "Infrastructure.Modules.Applications\Infrastructure.Modules.Applications.csproj", "{DCABAF1A-7889-449D-A18B-EB1A42B522C3}"
EndProject
Project("{FAE04EC0-301F-11D3-BF4B-00C04F79EFBC}") = "Infrastructure.Modules.Presentation", "Infrastructure.Modules.Presentation\Infrastructure.Modules.Presentation.csproj", "{2947C827-FFC2-4E77-A8FD-E54A009ED4A8}"
EndProject
Project("{FAE04EC0-301F-11D3-BF4B-00C04F79EFBC}") = "Common.Presentation", "Common.Presentation\Common.Presentation.csproj", "{23854875-DDBB-4BB9-81B5-637FCA6B1831}"
EndProject
Global
	GlobalSection(SolutionConfigurationPlatforms) = preSolution
		Debug|Any CPU = Debug|Any CPU
		Release|Any CPU = Release|Any CPU
	EndGlobalSection
	GlobalSection(ProjectConfigurationPlatforms) = postSolution
		{AB776812-9FE2-4B39-B09C-73C59F2D264B}.Debug|Any CPU.ActiveCfg = Debug|Any CPU
		{AB776812-9FE2-4B39-B09C-73C59F2D264B}.Debug|Any CPU.Build.0 = Debug|Any CPU
		{AB776812-9FE2-4B39-B09C-73C59F2D264B}.Release|Any CPU.ActiveCfg = Release|Any CPU
		{AB776812-9FE2-4B39-B09C-73C59F2D264B}.Release|Any CPU.Build.0 = Release|Any CPU
		{7A3A32C3-2B24-4B7D-A8D5-95A31C52840D}.Debug|Any CPU.ActiveCfg = Debug|Any CPU
		{7A3A32C3-2B24-4B7D-A8D5-95A31C52840D}.Debug|Any CPU.Build.0 = Debug|Any CPU
		{7A3A32C3-2B24-4B7D-A8D5-95A31C52840D}.Release|Any CPU.ActiveCfg = Release|Any CPU
		{7A3A32C3-2B24-4B7D-A8D5-95A31C52840D}.Release|Any CPU.Build.0 = Release|Any CPU
		{F99B0655-C12B-49EE-88AF-56D70CB97354}.Debug|Any CPU.ActiveCfg = Debug|Any CPU
		{F99B0655-C12B-49EE-88AF-56D70CB97354}.Debug|Any CPU.Build.0 = Debug|Any CPU
		{F99B0655-C12B-49EE-88AF-56D70CB97354}.Release|Any CPU.ActiveCfg = Release|Any CPU
		{F99B0655-C12B-49EE-88AF-56D70CB97354}.Release|Any CPU.Build.0 = Release|Any CPU
		{99901356-AD33-4E23-8F0E-2A9DFCCF4885}.Debug|Any CPU.ActiveCfg = Debug|Any CPU
		{99901356-AD33-4E23-8F0E-2A9DFCCF4885}.Debug|Any CPU.Build.0 = Debug|Any CPU
		{99901356-AD33-4E23-8F0E-2A9DFCCF4885}.Release|Any CPU.ActiveCfg = Release|Any CPU
		{99901356-AD33-4E23-8F0E-2A9DFCCF4885}.Release|Any CPU.Build.0 = Release|Any CPU
		{66F216DA-838E-463B-B5A5-8631177F0079}.Debug|Any CPU.ActiveCfg = Debug|Any CPU
		{66F216DA-838E-463B-B5A5-8631177F0079}.Debug|Any CPU.Build.0 = Debug|Any CPU
		{66F216DA-838E-463B-B5A5-8631177F0079}.Release|Any CPU.ActiveCfg = Release|Any CPU
		{66F216DA-838E-463B-B5A5-8631177F0079}.Release|Any CPU.Build.0 = Release|Any CPU
		{546D1EC9-9D77-4310-AD9D-6389BDD5391C}.Debug|Any CPU.ActiveCfg = Debug|Any CPU
		{546D1EC9-9D77-4310-AD9D-6389BDD5391C}.Debug|Any CPU.Build.0 = Debug|Any CPU
		{546D1EC9-9D77-4310-AD9D-6389BDD5391C}.Release|Any CPU.ActiveCfg = Release|Any CPU
		{546D1EC9-9D77-4310-AD9D-6389BDD5391C}.Release|Any CPU.Build.0 = Release|Any CPU
		{0423C269-9285-4520-9ACA-4E21201A0783}.Debug|Any CPU.ActiveCfg = Debug|Any CPU
		{0423C269-9285-4520-9ACA-4E21201A0783}.Debug|Any CPU.Build.0 = Debug|Any CPU
		{0423C269-9285-4520-9ACA-4E21201A0783}.Release|Any CPU.ActiveCfg = Release|Any CPU
		{0423C269-9285-4520-9ACA-4E21201A0783}.Release|Any CPU.Build.0 = Release|Any CPU
		{C6797429-851A-4F2C-9FA2-E8C422E7CE4B}.Debug|Any CPU.ActiveCfg = Debug|Any CPU
		{C6797429-851A-4F2C-9FA2-E8C422E7CE4B}.Debug|Any CPU.Build.0 = Debug|Any CPU
		{C6797429-851A-4F2C-9FA2-E8C422E7CE4B}.Release|Any CPU.ActiveCfg = Release|Any CPU
		{C6797429-851A-4F2C-9FA2-E8C422E7CE4B}.Release|Any CPU.Build.0 = Release|Any CPU
		{7DB633C2-1EA6-420F-9BA9-320D42289119}.Debug|Any CPU.ActiveCfg = Debug|Any CPU
		{7DB633C2-1EA6-420F-9BA9-320D42289119}.Debug|Any CPU.Build.0 = Debug|Any CPU
		{7DB633C2-1EA6-420F-9BA9-320D42289119}.Release|Any CPU.ActiveCfg = Release|Any CPU
		{7DB633C2-1EA6-420F-9BA9-320D42289119}.Release|Any CPU.Build.0 = Release|Any CPU
		{79A07FF3-04C9-4178-A2FC-F7DFFA93BC11}.Debug|Any CPU.ActiveCfg = Debug|Any CPU
		{79A07FF3-04C9-4178-A2FC-F7DFFA93BC11}.Debug|Any CPU.Build.0 = Debug|Any CPU
		{79A07FF3-04C9-4178-A2FC-F7DFFA93BC11}.Release|Any CPU.ActiveCfg = Release|Any CPU
		{79A07FF3-04C9-4178-A2FC-F7DFFA93BC11}.Release|Any CPU.Build.0 = Release|Any CPU
		{DCABAF1A-7889-449D-A18B-EB1A42B522C3}.Debug|Any CPU.ActiveCfg = Debug|Any CPU
		{DCABAF1A-7889-449D-A18B-EB1A42B522C3}.Debug|Any CPU.Build.0 = Debug|Any CPU
		{DCABAF1A-7889-449D-A18B-EB1A42B522C3}.Release|Any CPU.ActiveCfg = Release|Any CPU
		{DCABAF1A-7889-449D-A18B-EB1A42B522C3}.Release|Any CPU.Build.0 = Release|Any CPU
		{2947C827-FFC2-4E77-A8FD-E54A009ED4A8}.Debug|Any CPU.ActiveCfg = Debug|Any CPU
		{2947C827-FFC2-4E77-A8FD-E54A009ED4A8}.Debug|Any CPU.Build.0 = Debug|Any CPU
		{2947C827-FFC2-4E77-A8FD-E54A009ED4A8}.Release|Any CPU.ActiveCfg = Release|Any CPU
		{2947C827-FFC2-4E77-A8FD-E54A009ED4A8}.Release|Any CPU.Build.0 = Release|Any CPU
		{23854875-DDBB-4BB9-81B5-637FCA6B1831}.Debug|Any CPU.ActiveCfg = Debug|Any CPU
		{23854875-DDBB-4BB9-81B5-637FCA6B1831}.Debug|Any CPU.Build.0 = Debug|Any CPU
		{23854875-DDBB-4BB9-81B5-637FCA6B1831}.Release|Any CPU.ActiveCfg = Release|Any CPU
		{23854875-DDBB-4BB9-81B5-637FCA6B1831}.Release|Any CPU.Build.0 = Release|Any CPU
	EndGlobalSection
	GlobalSection(SolutionProperties) = preSolution
		HideSolutionNode = FALSE
	EndGlobalSection
	GlobalSection(ExtensibilityGlobals) = postSolution
		SolutionGuid = {B66B97D3-450A-4439-B6C8-F5EE1B92A88F}
	EndGlobalSection
EndGlobal
