
Microsoft Visual Studio Solution File, Format Version 12.00
# Visual Studio Version 16
VisualStudioVersion = 16.0.28803.202
MinimumVisualStudioVersion = 10.0.40219.1
Project("{9A19103F-16F7-4668-BE54-9A1E7A4F7556}") = "BookLibrary.Library.Applications", "BookLibrary.Library.Applications\BookLibrary.Library.Applications.csproj", "{7B74C988-F451-4723-A8D9-F59475DE5AEA}"
EndProject
Project("{9A19103F-16F7-4668-BE54-9A1E7A4F7556}") = "BookLibrary.Library.Domain", "BookLibrary.Library.Domain\BookLibrary.Library.Domain.csproj", "{8FEE1E8D-97E4-4206-8760-2EBE8E42C8FE}"
EndProject
Project("{FAE04EC0-301F-11D3-BF4B-00C04F79EFBC}") = "BookLibrary.Library.Presentation", "BookLibrary.Library.Presentation\BookLibrary.Library.Presentation.csproj", "{0F051A17-542A-4981-8155-A99F547E4442}"
EndProject
Project("{9A19103F-16F7-4668-BE54-9A1E7A4F7556}") = "BookLibrary.Reporting.Applications", "BookLibrary.Reporting.Applications\BookLibrary.Reporting.Applications.csproj", "{E97F696D-0E6F-4D3C-ADD3-5420F7924ECF}"
EndProject
Project("{FAE04EC0-301F-11D3-BF4B-00C04F79EFBC}") = "BookLibrary.Reporting.Presentation", "BookLibrary.Reporting.Presentation\BookLibrary.Reporting.Presentation.csproj", "{0257AACF-AE9A-4002-8E2E-C98D6FD17437}"
EndProject
Global
	GlobalSection(SolutionConfigurationPlatforms) = preSolution
		Debug|Any CPU = Debug|Any CPU
		Release|Any CPU = Release|Any CPU
	EndGlobalSection
	GlobalSection(ProjectConfigurationPlatforms) = postSolution
		{7B74C988-F451-4723-A8D9-F59475DE5AEA}.Debug|Any CPU.ActiveCfg = Debug|Any CPU
		{7B74C988-F451-4723-A8D9-F59475DE5AEA}.Debug|Any CPU.Build.0 = Debug|Any CPU
		{7B74C988-F451-4723-A8D9-F59475DE5AEA}.Release|Any CPU.ActiveCfg = Release|Any CPU
		{7B74C988-F451-4723-A8D9-F59475DE5AEA}.Release|Any CPU.Build.0 = Release|Any CPU
		{8FEE1E8D-97E4-4206-8760-2EBE8E42C8FE}.Debug|Any CPU.ActiveCfg = Debug|Any CPU
		{8FEE1E8D-97E4-4206-8760-2EBE8E42C8FE}.Debug|Any CPU.Build.0 = Debug|Any CPU
		{8FEE1E8D-97E4-4206-8760-2EBE8E42C8FE}.Release|Any CPU.ActiveCfg = Release|Any CPU
		{8FEE1E8D-97E4-4206-8760-2EBE8E42C8FE}.Release|Any CPU.Build.0 = Release|Any CPU
		{0F051A17-542A-4981-8155-A99F547E4442}.Debug|Any CPU.ActiveCfg = Debug|Any CPU
		{0F051A17-542A-4981-8155-A99F547E4442}.Debug|Any CPU.Build.0 = Debug|Any CPU
		{0F051A17-542A-4981-8155-A99F547E4442}.Release|Any CPU.ActiveCfg = Release|Any CPU
		{0F051A17-542A-4981-8155-A99F547E4442}.Release|Any CPU.Build.0 = Release|Any CPU
		{E97F696D-0E6F-4D3C-ADD3-5420F7924ECF}.Debug|Any CPU.ActiveCfg = Debug|Any CPU
		{E97F696D-0E6F-4D3C-ADD3-5420F7924ECF}.Debug|Any CPU.Build.0 = Debug|Any CPU
		{E97F696D-0E6F-4D3C-ADD3-5420F7924ECF}.Release|Any CPU.ActiveCfg = Release|Any CPU
		{E97F696D-0E6F-4D3C-ADD3-5420F7924ECF}.Release|Any CPU.Build.0 = Release|Any CPU
		{0257AACF-AE9A-4002-8E2E-C98D6FD17437}.Debug|Any CPU.ActiveCfg = Debug|Any CPU
		{0257AACF-AE9A-4002-8E2E-C98D6FD17437}.Debug|Any CPU.Build.0 = Debug|Any CPU
		{0257AACF-AE9A-4002-8E2E-C98D6FD17437}.Release|Any CPU.ActiveCfg = Release|Any CPU
		{0257AACF-AE9A-4002-8E2E-C98D6FD17437}.Release|Any CPU.Build.0 = Release|Any CPU
	EndGlobalSection
	GlobalSection(SolutionProperties) = preSolution
		HideSolutionNode = FALSE
	EndGlobalSection
	GlobalSection(ExtensibilityGlobals) = postSolution
		SolutionGuid = {B2E2AA64-96F0-49A2-98F3-3BFFEAE28538}
	EndGlobalSection
EndGlobal
