
Microsoft Visual Studio Solution File, Format Version 12.00
# Visual Studio Version 16
VisualStudioVersion = 16.0.28829.17
MinimumVisualStudioVersion = 10.0.40219.1
Project("{9A19103F-16F7-4668-BE54-9A1E7A4F7556}") = "ContosoExpensesCore", "ContosoExpenses\ContosoExpensesCore.csproj", "{2855F64F-C617-40F3-8553-2EDD2C2B6EC5}"
EndProject
Project("{FAE04EC0-301F-11D3-BF4B-00C04F79EFBC}") = "ContosoExpenses.Data", "ContosoExpenses.Data\ContosoExpenses.Data.csproj", "{D94B53E1-60E1-4547-A1E4-98D37493741F}"
EndProject
Global
	GlobalSection(SolutionConfigurationPlatforms) = preSolution
		Debug|Any CPU = Debug|Any CPU
		Release|Any CPU = Release|Any CPU
	EndGlobalSection
	GlobalSection(ProjectConfigurationPlatforms) = postSolution
		{2855F64F-C617-40F3-8553-2EDD2C2B6EC5}.Debug|Any CPU.ActiveCfg = Debug|Any CPU
		{2855F64F-C617-40F3-8553-2EDD2C2B6EC5}.Debug|Any CPU.Build.0 = Debug|Any CPU
		{2855F64F-C617-40F3-8553-2EDD2C2B6EC5}.Release|Any CPU.ActiveCfg = Release|Any CPU
		{2855F64F-C617-40F3-8553-2EDD2C2B6EC5}.Release|Any CPU.Build.0 = Release|Any CPU
		{D94B53E1-60E1-4547-A1E4-98D37493741F}.Debug|Any CPU.ActiveCfg = Debug|Any CPU
		{D94B53E1-60E1-4547-A1E4-98D37493741F}.Debug|Any CPU.Build.0 = Debug|Any CPU
		{D94B53E1-60E1-4547-A1E4-98D37493741F}.Release|Any CPU.ActiveCfg = Release|Any CPU
		{D94B53E1-60E1-4547-A1E4-98D37493741F}.Release|Any CPU.Build.0 = Release|Any CPU
	EndGlobalSection
	GlobalSection(SolutionProperties) = preSolution
		HideSolutionNode = FALSE
	EndGlobalSection
	GlobalSection(ExtensibilityGlobals) = postSolution
		SolutionGuid = {2B425E18-4A5F-4C32-AF03-9AF01609CDEF}
	EndGlobalSection
EndGlobal
