
Microsoft Visual Studio Solution File, Format Version 12.00
# Visual Studio Version 16
VisualStudioVersion = 16.0.28829.17
MinimumVisualStudioVersion = 10.0.40219.1
Project("{9A19103F-16F7-4668-BE54-9A1E7A4F7556}") = "ContosoExpensesCore", "ContosoExpenses\ContosoExpensesCore.csproj", "{2855F64F-C617-40F3-8553-2EDD2C2B6EC5}"
EndProject
Project("{FAE04EC0-301F-11D3-BF4B-00C04F79EFBC}") = "ContosoExpenses.Data", "ContosoExpenses.Data\ContosoExpenses.Data.csproj", "{D94B53E1-60E1-4547-A1E4-98D37493741F}"
EndProject
Project("{FAE04EC0-301F-11D3-BF4B-00C04F79EFBC}") = "CamaronDe", "CamaronDe\CamaronDe.csproj", "{6E48D025-95EF-4181-BD25-BCB5BBA7EB1B}"
EndProject
Project("{FAE04EC0-301F-11D3-BF4B-00C04F79EFBC}") = "UwpAppToTest", "UwpAppToTest\UwpAppToTest.csproj", "{C88BDF1D-C597-4733-B390-9260B93C705D}"
EndProject
Global
	GlobalSection(SolutionConfigurationPlatforms) = preSolution
		Debug|Any CPU = Debug|Any CPU
		Debug|ARM = Debug|ARM
		Debug|ARM64 = Debug|ARM64
		Debug|x64 = Debug|x64
		Debug|x86 = Debug|x86
		Release|Any CPU = Release|Any CPU
		Release|ARM = Release|ARM
		Release|ARM64 = Release|ARM64
		Release|x64 = Release|x64
		Release|x86 = Release|x86
	EndGlobalSection
	GlobalSection(ProjectConfigurationPlatforms) = postSolution
		{2855F64F-C617-40F3-8553-2EDD2C2B6EC5}.Debug|Any CPU.ActiveCfg = Debug|Any CPU
		{2855F64F-C617-40F3-8553-2EDD2C2B6EC5}.Debug|Any CPU.Build.0 = Debug|Any CPU
		{2855F64F-C617-40F3-8553-2EDD2C2B6EC5}.Debug|ARM.ActiveCfg = Debug|Any CPU
		{2855F64F-C617-40F3-8553-2EDD2C2B6EC5}.Debug|ARM.Build.0 = Debug|Any CPU
		{2855F64F-C617-40F3-8553-2EDD2C2B6EC5}.Debug|ARM64.ActiveCfg = Debug|Any CPU
		{2855F64F-C617-40F3-8553-2EDD2C2B6EC5}.Debug|ARM64.Build.0 = Debug|Any CPU
		{2855F64F-C617-40F3-8553-2EDD2C2B6EC5}.Debug|x64.ActiveCfg = Debug|Any CPU
		{2855F64F-C617-40F3-8553-2EDD2C2B6EC5}.Debug|x64.Build.0 = Debug|Any CPU
		{2855F64F-C617-40F3-8553-2EDD2C2B6EC5}.Debug|x86.ActiveCfg = Debug|Any CPU
		{2855F64F-C617-40F3-8553-2EDD2C2B6EC5}.Debug|x86.Build.0 = Debug|Any CPU
		{2855F64F-C617-40F3-8553-2EDD2C2B6EC5}.Release|Any CPU.ActiveCfg = Release|Any CPU
		{2855F64F-C617-40F3-8553-2EDD2C2B6EC5}.Release|Any CPU.Build.0 = Release|Any CPU
		{2855F64F-C617-40F3-8553-2EDD2C2B6EC5}.Release|ARM.ActiveCfg = Release|Any CPU
		{2855F64F-C617-40F3-8553-2EDD2C2B6EC5}.Release|ARM.Build.0 = Release|Any CPU
		{2855F64F-C617-40F3-8553-2EDD2C2B6EC5}.Release|ARM64.ActiveCfg = Release|Any CPU
		{2855F64F-C617-40F3-8553-2EDD2C2B6EC5}.Release|ARM64.Build.0 = Release|Any CPU
		{2855F64F-C617-40F3-8553-2EDD2C2B6EC5}.Release|x64.ActiveCfg = Release|Any CPU
		{2855F64F-C617-40F3-8553-2EDD2C2B6EC5}.Release|x64.Build.0 = Release|Any CPU
		{2855F64F-C617-40F3-8553-2EDD2C2B6EC5}.Release|x86.ActiveCfg = Release|Any CPU
		{2855F64F-C617-40F3-8553-2EDD2C2B6EC5}.Release|x86.Build.0 = Release|Any CPU
		{D94B53E1-60E1-4547-A1E4-98D37493741F}.Debug|Any CPU.ActiveCfg = Debug|Any CPU
		{D94B53E1-60E1-4547-A1E4-98D37493741F}.Debug|Any CPU.Build.0 = Debug|Any CPU
		{D94B53E1-60E1-4547-A1E4-98D37493741F}.Debug|ARM.ActiveCfg = Debug|Any CPU
		{D94B53E1-60E1-4547-A1E4-98D37493741F}.Debug|ARM.Build.0 = Debug|Any CPU
		{D94B53E1-60E1-4547-A1E4-98D37493741F}.Debug|ARM64.ActiveCfg = Debug|Any CPU
		{D94B53E1-60E1-4547-A1E4-98D37493741F}.Debug|ARM64.Build.0 = Debug|Any CPU
		{D94B53E1-60E1-4547-A1E4-98D37493741F}.Debug|x64.ActiveCfg = Debug|Any CPU
		{D94B53E1-60E1-4547-A1E4-98D37493741F}.Debug|x64.Build.0 = Debug|Any CPU
		{D94B53E1-60E1-4547-A1E4-98D37493741F}.Debug|x86.ActiveCfg = Debug|Any CPU
		{D94B53E1-60E1-4547-A1E4-98D37493741F}.Debug|x86.Build.0 = Debug|Any CPU
		{D94B53E1-60E1-4547-A1E4-98D37493741F}.Release|Any CPU.ActiveCfg = Release|Any CPU
		{D94B53E1-60E1-4547-A1E4-98D37493741F}.Release|Any CPU.Build.0 = Release|Any CPU
		{D94B53E1-60E1-4547-A1E4-98D37493741F}.Release|ARM.ActiveCfg = Release|Any CPU
		{D94B53E1-60E1-4547-A1E4-98D37493741F}.Release|ARM.Build.0 = Release|Any CPU
		{D94B53E1-60E1-4547-A1E4-98D37493741F}.Release|ARM64.ActiveCfg = Release|Any CPU
		{D94B53E1-60E1-4547-A1E4-98D37493741F}.Release|ARM64.Build.0 = Release|Any CPU
		{D94B53E1-60E1-4547-A1E4-98D37493741F}.Release|x64.ActiveCfg = Release|Any CPU
		{D94B53E1-60E1-4547-A1E4-98D37493741F}.Release|x64.Build.0 = Release|Any CPU
		{D94B53E1-60E1-4547-A1E4-98D37493741F}.Release|x86.ActiveCfg = Release|Any CPU
		{D94B53E1-60E1-4547-A1E4-98D37493741F}.Release|x86.Build.0 = Release|Any CPU
		{6E48D025-95EF-4181-BD25-BCB5BBA7EB1B}.Debug|Any CPU.ActiveCfg = Debug|Any CPU
		{6E48D025-95EF-4181-BD25-BCB5BBA7EB1B}.Debug|Any CPU.Build.0 = Debug|Any CPU
		{6E48D025-95EF-4181-BD25-BCB5BBA7EB1B}.Debug|ARM.ActiveCfg = Debug|ARM
		{6E48D025-95EF-4181-BD25-BCB5BBA7EB1B}.Debug|ARM.Build.0 = Debug|ARM
		{6E48D025-95EF-4181-BD25-BCB5BBA7EB1B}.Debug|ARM64.ActiveCfg = Debug|ARM64
		{6E48D025-95EF-4181-BD25-BCB5BBA7EB1B}.Debug|ARM64.Build.0 = Debug|ARM64
		{6E48D025-95EF-4181-BD25-BCB5BBA7EB1B}.Debug|x64.ActiveCfg = Debug|x64
		{6E48D025-95EF-4181-BD25-BCB5BBA7EB1B}.Debug|x64.Build.0 = Debug|x64
		{6E48D025-95EF-4181-BD25-BCB5BBA7EB1B}.Debug|x86.ActiveCfg = Debug|x86
		{6E48D025-95EF-4181-BD25-BCB5BBA7EB1B}.Debug|x86.Build.0 = Debug|x86
		{6E48D025-95EF-4181-BD25-BCB5BBA7EB1B}.Release|Any CPU.ActiveCfg = Release|Any CPU
		{6E48D025-95EF-4181-BD25-BCB5BBA7EB1B}.Release|Any CPU.Build.0 = Release|Any CPU
		{6E48D025-95EF-4181-BD25-BCB5BBA7EB1B}.Release|ARM.ActiveCfg = Release|ARM
		{6E48D025-95EF-4181-BD25-BCB5BBA7EB1B}.Release|ARM.Build.0 = Release|ARM
		{6E48D025-95EF-4181-BD25-BCB5BBA7EB1B}.Release|ARM64.ActiveCfg = Release|ARM64
		{6E48D025-95EF-4181-BD25-BCB5BBA7EB1B}.Release|ARM64.Build.0 = Release|ARM64
		{6E48D025-95EF-4181-BD25-BCB5BBA7EB1B}.Release|x64.ActiveCfg = Release|x64
		{6E48D025-95EF-4181-BD25-BCB5BBA7EB1B}.Release|x64.Build.0 = Release|x64
		{6E48D025-95EF-4181-BD25-BCB5BBA7EB1B}.Release|x86.ActiveCfg = Release|x86
		{6E48D025-95EF-4181-BD25-BCB5BBA7EB1B}.Release|x86.Build.0 = Release|x86
		{C88BDF1D-C597-4733-B390-9260B93C705D}.Debug|Any CPU.ActiveCfg = Debug|x86
		{C88BDF1D-C597-4733-B390-9260B93C705D}.Debug|ARM.ActiveCfg = Debug|ARM
		{C88BDF1D-C597-4733-B390-9260B93C705D}.Debug|ARM.Build.0 = Debug|ARM
		{C88BDF1D-C597-4733-B390-9260B93C705D}.Debug|ARM.Deploy.0 = Debug|ARM
		{C88BDF1D-C597-4733-B390-9260B93C705D}.Debug|ARM64.ActiveCfg = Debug|ARM64
		{C88BDF1D-C597-4733-B390-9260B93C705D}.Debug|ARM64.Build.0 = Debug|ARM64
		{C88BDF1D-C597-4733-B390-9260B93C705D}.Debug|ARM64.Deploy.0 = Debug|ARM64
		{C88BDF1D-C597-4733-B390-9260B93C705D}.Debug|x64.ActiveCfg = Debug|x64
		{C88BDF1D-C597-4733-B390-9260B93C705D}.Debug|x64.Build.0 = Debug|x64
		{C88BDF1D-C597-4733-B390-9260B93C705D}.Debug|x64.Deploy.0 = Debug|x64
		{C88BDF1D-C597-4733-B390-9260B93C705D}.Debug|x86.ActiveCfg = Debug|x86
		{C88BDF1D-C597-4733-B390-9260B93C705D}.Debug|x86.Build.0 = Debug|x86
		{C88BDF1D-C597-4733-B390-9260B93C705D}.Debug|x86.Deploy.0 = Debug|x86
		{C88BDF1D-C597-4733-B390-9260B93C705D}.Release|Any CPU.ActiveCfg = Release|x86
		{C88BDF1D-C597-4733-B390-9260B93C705D}.Release|ARM.ActiveCfg = Release|ARM
		{C88BDF1D-C597-4733-B390-9260B93C705D}.Release|ARM.Build.0 = Release|ARM
		{C88BDF1D-C597-4733-B390-9260B93C705D}.Release|ARM.Deploy.0 = Release|ARM
		{C88BDF1D-C597-4733-B390-9260B93C705D}.Release|ARM64.ActiveCfg = Release|ARM64
		{C88BDF1D-C597-4733-B390-9260B93C705D}.Release|ARM64.Build.0 = Release|ARM64
		{C88BDF1D-C597-4733-B390-9260B93C705D}.Release|ARM64.Deploy.0 = Release|ARM64
		{C88BDF1D-C597-4733-B390-9260B93C705D}.Release|x64.ActiveCfg = Release|x64
		{C88BDF1D-C597-4733-B390-9260B93C705D}.Release|x64.Build.0 = Release|x64
		{C88BDF1D-C597-4733-B390-9260B93C705D}.Release|x64.Deploy.0 = Release|x64
		{C88BDF1D-C597-4733-B390-9260B93C705D}.Release|x86.ActiveCfg = Release|x86
		{C88BDF1D-C597-4733-B390-9260B93C705D}.Release|x86.Build.0 = Release|x86
		{C88BDF1D-C597-4733-B390-9260B93C705D}.Release|x86.Deploy.0 = Release|x86
	EndGlobalSection
	GlobalSection(SolutionProperties) = preSolution
		HideSolutionNode = FALSE
	EndGlobalSection
	GlobalSection(ExtensibilityGlobals) = postSolution
		SolutionGuid = {2B425E18-4A5F-4C32-AF03-9AF01609CDEF}
	EndGlobalSection
EndGlobal
